// !$*UTF8*$!
{
	archiveVersion = 1;
	classes = {
	};
	objectVersion = 56;
	objects = {

/* Begin PBXBuildFile section */
		660221F42A3375DD008F38EA /* FoodCostManagerApp.swift in Sources */ = {isa = PBXBuildFile; fileRef = 660221F32A3375DD008F38EA /* FoodCostManagerApp.swift */; };
		660221F62A3375DD008F38EA /* ContentView.swift in Sources */ = {isa = PBXBuildFile; fileRef = 660221F52A3375DD008F38EA /* ContentView.swift */; };
		660221F82A3375DF008F38EA /* Assets.xcassets in Resources */ = {isa = PBXBuildFile; fileRef = 660221F72A3375DF008F38EA /* Assets.xcassets */; };
		660221FB2A3375DF008F38EA /* Preview Assets.xcassets in Resources */ = {isa = PBXBuildFile; fileRef = 660221FA2A3375DF008F38EA /* Preview Assets.xcassets */; };
		660222052A3375DF008F38EA /* FoodCostManagerTests.swift in Sources */ = {isa = PBXBuildFile; fileRef = 660222042A3375DF008F38EA /* FoodCostManagerTests.swift */; };
		6602220F2A3375DF008F38EA /* FoodCostManagerUITests.swift in Sources */ = {isa = PBXBuildFile; fileRef = 6602220E2A3375DF008F38EA /* FoodCostManagerUITests.swift */; };
		660222112A3375DF008F38EA /* FoodCostManagerUITestsLaunchTests.swift in Sources */ = {isa = PBXBuildFile; fileRef = 660222102A3375DF008F38EA /* FoodCostManagerUITestsLaunchTests.swift */; };
/* End PBXBuildFile section */

/* Begin PBXContainerItemProxy section */
		660222012A3375DF008F38EA /* PBXContainerItemProxy */ = {
			isa = PBXContainerItemProxy;
			containerPortal = 660221E82A3375DD008F38EA /* Project object */;
			proxyType = 1;
			remoteGlobalIDString = 660221EF2A3375DD008F38EA;
			remoteInfo = FoodCostManager;
		};
		6602220B2A3375DF008F38EA /* PBXContainerItemProxy */ = {
			isa = PBXContainerItemProxy;
			containerPortal = 660221E82A3375DD008F38EA /* Project object */;
			proxyType = 1;
			remoteGlobalIDString = 660221EF2A3375DD008F38EA;
			remoteInfo = FoodCostManager;
		};
/* End PBXContainerItemProxy section */

/* Begin PBXFileReference section */
		660221F02A3375DD008F38EA /* FoodCostManager.app */ = {isa = PBXFileReference; explicitFileType = wrapper.application; includeInIndex = 0; path = FoodCostManager.app; sourceTree = BUILT_PRODUCTS_DIR; };
		660221F32A3375DD008F38EA /* FoodCostManagerApp.swift */ = {isa = PBXFileReference; lastKnownFileType = sourcecode.swift; path = FoodCostManagerApp.swift; sourceTree = "<group>"; };
		660221F52A3375DD008F38EA /* ContentView.swift */ = {isa = PBXFileReference; lastKnownFileType = sourcecode.swift; path = ContentView.swift; sourceTree = "<group>"; };
		660221F72A3375DF008F38EA /* Assets.xcassets */ = {isa = PBXFileReference; lastKnownFileType = folder.assetcatalog; path = Assets.xcassets; sourceTree = "<group>"; };
		660221FA2A3375DF008F38EA /* Preview Assets.xcassets */ = {isa = PBXFileReference; lastKnownFileType = folder.assetcatalog; path = "Preview Assets.xcassets"; sourceTree = "<group>"; };
		660222002A3375DF008F38EA /* FoodCostManagerTests.xctest */ = {isa = PBXFileReference; explicitFileType = wrapper.cfbundle; includeInIndex = 0; path = FoodCostManagerTests.xctest; sourceTree = BUILT_PRODUCTS_DIR; };
		660222042A3375DF008F38EA /* FoodCostManagerTests.swift */ = {isa = PBXFileReference; lastKnownFileType = sourcecode.swift; path = FoodCostManagerTests.swift; sourceTree = "<group>"; };
		6602220A2A3375DF008F38EA /* FoodCostManagerUITests.xctest */ = {isa = PBXFileReference; explicitFileType = wrapper.cfbundle; includeInIndex = 0; path = FoodCostManagerUITests.xctest; sourceTree = BUILT_PRODUCTS_DIR; };
		6602220E2A3375DF008F38EA /* FoodCostManagerUITests.swift */ = {isa = PBXFileReference; lastKnownFileType = sourcecode.swift; path = FoodCostManagerUITests.swift; sourceTree = "<group>"; };
		660222102A3375DF008F38EA /* FoodCostManagerUITestsLaunchTests.swift */ = {isa = PBXFileReference; lastKnownFileType = sourcecode.swift; path = FoodCostManagerUITestsLaunchTests.swift; sourceTree = "<group>"; };
/* End PBXFileReference section */

/* Begin PBXFrameworksBuildPhase section */
		660221ED2A3375DD008F38EA /* Frameworks */ = {
			isa = PBXFrameworksBuildPhase;
			buildActionMask = 2147483647;
			files = (
			);
			runOnlyForDeploymentPostprocessing = 0;
		};
		660221FD2A3375DF008F38EA /* Frameworks */ = {
			isa = PBXFrameworksBuildPhase;
			buildActionMask = 2147483647;
			files = (
			);
			runOnlyForDeploymentPostprocessing = 0;
		};
		660222072A3375DF008F38EA /* Frameworks */ = {
			isa = PBXFrameworksBuildPhase;
			buildActionMask = 2147483647;
			files = (
			);
			runOnlyForDeploymentPostprocessing = 0;
		};
/* End PBXFrameworksBuildPhase section */

/* Begin PBXGroup section */
		660221E72A3375DD008F38EA = {
			isa = PBXGroup;
			children = (
				660221F22A3375DD008F38EA /* FoodCostManager */,
				660222032A3375DF008F38EA /* FoodCostManagerTests */,
				6602220D2A3375DF008F38EA /* FoodCostManagerUITests */,
				660221F12A3375DD008F38EA /* Products */,
			);
			sourceTree = "<group>";
		};
		660221F12A3375DD008F38EA /* Products */ = {
			isa = PBXGroup;
			children = (
				660221F02A3375DD008F38EA /* FoodCostManager.app */,
				660222002A3375DF008F38EA /* FoodCostManagerTests.xctest */,
				6602220A2A3375DF008F38EA /* FoodCostManagerUITests.xctest */,
			);
			name = Products;
			sourceTree = "<group>";
		};
		660221F22A3375DD008F38EA /* FoodCostManager */ = {
			isa = PBXGroup;
			children = (
				660221F32A3375DD008F38EA /* FoodCostManagerApp.swift */,
				660221F52A3375DD008F38EA /* ContentView.swift */,
				660221F72A3375DF008F38EA /* Assets.xcassets */,
				660221F92A3375DF008F38EA /* Preview Content */,
			);
			path = FoodCostManager;
			sourceTree = "<group>";
		};
		660221F92A3375DF008F38EA /* Preview Content */ = {
			isa = PBXGroup;
			children = (
				660221FA2A3375DF008F38EA /* Preview Assets.xcassets */,
			);
			path = "Preview Content";
			sourceTree = "<group>";
		};
		660222032A3375DF008F38EA /* FoodCostManagerTests */ = {
			isa = PBXGroup;
			children = (
				660222042A3375DF008F38EA /* FoodCostManagerTests.swift */,
			);
			path = FoodCostManagerTests;
			sourceTree = "<group>";
		};
		6602220D2A3375DF008F38EA /* FoodCostManagerUITests */ = {
			isa = PBXGroup;
			children = (
				6602220E2A3375DF008F38EA /* FoodCostManagerUITests.swift */,
				660222102A3375DF008F38EA /* FoodCostManagerUITestsLaunchTests.swift */,
			);
			path = FoodCostManagerUITests;
			sourceTree = "<group>";
		};
/* End PBXGroup section */

/* Begin PBXNativeTarget section */
		660221EF2A3375DD008F38EA /* FoodCostManager */ = {
			isa = PBXNativeTarget;
			buildConfigurationList = 660222142A3375DF008F38EA /* Build configuration list for PBXNativeTarget "FoodCostManager" */;
			buildPhases = (
				660221EC2A3375DD008F38EA /* Sources */,
				660221ED2A3375DD008F38EA /* Frameworks */,
				660221EE2A3375DD008F38EA /* Resources */,
			);
			buildRules = (
			);
			dependencies = (
			);
			name = FoodCostManager;
			productName = FoodCostManager;
			productReference = 660221F02A3375DD008F38EA /* FoodCostManager.app */;
			productType = "com.apple.product-type.application";
		};
		660221FF2A3375DF008F38EA /* FoodCostManagerTests */ = {
			isa = PBXNativeTarget;
			buildConfigurationList = 660222172A3375DF008F38EA /* Build configuration list for PBXNativeTarget "FoodCostManagerTests" */;
			buildPhases = (
				660221FC2A3375DF008F38EA /* Sources */,
				660221FD2A3375DF008F38EA /* Frameworks */,
				660221FE2A3375DF008F38EA /* Resources */,
			);
			buildRules = (
			);
			dependencies = (
				660222022A3375DF008F38EA /* PBXTargetDependency */,
			);
			name = FoodCostManagerTests;
			productName = FoodCostManagerTests;
			productReference = 660222002A3375DF008F38EA /* FoodCostManagerTests.xctest */;
			productType = "com.apple.product-type.bundle.unit-test";
		};
		660222092A3375DF008F38EA /* FoodCostManagerUITests */ = {
			isa = PBXNativeTarget;
			buildConfigurationList = 6602221A2A3375DF008F38EA /* Build configuration list for PBXNativeTarget "FoodCostManagerUITests" */;
			buildPhases = (
				660222062A3375DF008F38EA /* Sources */,
				660222072A3375DF008F38EA /* Frameworks */,
				660222082A3375DF008F38EA /* Resources */,
			);
			buildRules = (
			);
			dependencies = (
				6602220C2A3375DF008F38EA /* PBXTargetDependency */,
			);
			name = FoodCostManagerUITests;
			productName = FoodCostManagerUITests;
			productReference = 6602220A2A3375DF008F38EA /* FoodCostManagerUITests.xctest */;
			productType = "com.apple.product-type.bundle.ui-testing";
		};
/* End PBXNativeTarget section */

/* Begin PBXProject section */
		660221E82A3375DD008F38EA /* Project object */ = {
			isa = PBXProject;
			attributes = {
				BuildIndependentTargetsInParallel = 1;
				LastSwiftUpdateCheck = 1430;
				LastUpgradeCheck = 1430;
				TargetAttributes = {
					660221EF2A3375DD008F38EA = {
						CreatedOnToolsVersion = 14.3.1;
					};
					660221FF2A3375DF008F38EA = {
						CreatedOnToolsVersion = 14.3.1;
						TestTargetID = 660221EF2A3375DD008F38EA;
					};
					660222092A3375DF008F38EA = {
						CreatedOnToolsVersion = 14.3.1;
						TestTargetID = 660221EF2A3375DD008F38EA;
					};
				};
			};
			buildConfigurationList = 660221EB2A3375DD008F38EA /* Build configuration list for PBXProject "FoodCostManager" */;
			compatibilityVersion = "Xcode 14.0";
			developmentRegion = en;
			hasScannedForEncodings = 0;
			knownRegions = (
				en,
				Base,
			);
			mainGroup = 660221E72A3375DD008F38EA;
			productRefGroup = 660221F12A3375DD008F38EA /* Products */;
			projectDirPath = "";
			projectRoot = "";
			targets = (
				660221EF2A3375DD008F38EA /* FoodCostManager */,
				660221FF2A3375DF008F38EA /* FoodCostManagerTests */,
				660222092A3375DF008F38EA /* FoodCostManagerUITests */,
			);
		};
/* End PBXProject section */

/* Begin PBXResourcesBuildPhase section */
		660221EE2A3375DD008F38EA /* Resources */ = {
			isa = PBXResourcesBuildPhase;
			buildActionMask = 2147483647;
			files = (
				660221FB2A3375DF008F38EA /* Preview Assets.xcassets in Resources */,
				660221F82A3375DF008F38EA /* Assets.xcassets in Resources */,
			);
			runOnlyForDeploymentPostprocessing = 0;
		};
		660221FE2A3375DF008F38EA /* Resources */ = {
			isa = PBXResourcesBuildPhase;
			buildActionMask = 2147483647;
			files = (
			);
			runOnlyForDeploymentPostprocessing = 0;
		};
		660222082A3375DF008F38EA /* Resources */ = {
			isa = PBXResourcesBuildPhase;
			buildActionMask = 2147483647;
			files = (
			);
			runOnlyForDeploymentPostprocessing = 0;
		};
/* End PBXResourcesBuildPhase section */

/* Begin PBXSourcesBuildPhase section */
		660221EC2A3375DD008F38EA /* Sources */ = {
			isa = PBXSourcesBuildPhase;
			buildActionMask = 2147483647;
			files = (
				660221F62A3375DD008F38EA /* ContentView.swift in Sources */,
				660221F42A3375DD008F38EA /* FoodCostManagerApp.swift in Sources */,
			);
			runOnlyForDeploymentPostprocessing = 0;
		};
		660221FC2A3375DF008F38EA /* Sources */ = {
			isa = PBXSourcesBuildPhase;
			buildActionMask = 2147483647;
			files = (
				660222052A3375DF008F38EA /* FoodCostManagerTests.swift in Sources */,
			);
			runOnlyForDeploymentPostprocessing = 0;
		};
		660222062A3375DF008F38EA /* Sources */ = {
			isa = PBXSourcesBuildPhase;
			buildActionMask = 2147483647;
			files = (
				6602220F2A3375DF008F38EA /* FoodCostManagerUITests.swift in Sources */,
				660222112A3375DF008F38EA /* FoodCostManagerUITestsLaunchTests.swift in Sources */,
			);
			runOnlyForDeploymentPostprocessing = 0;
		};
/* End PBXSourcesBuildPhase section */

/* Begin PBXTargetDependency section */
		660222022A3375DF008F38EA /* PBXTargetDependency */ = {
			isa = PBXTargetDependency;
			target = 660221EF2A3375DD008F38EA /* FoodCostManager */;
			targetProxy = 660222012A3375DF008F38EA /* PBXContainerItemProxy */;
		};
		6602220C2A3375DF008F38EA /* PBXTargetDependency */ = {
			isa = PBXTargetDependency;
			target = 660221EF2A3375DD008F38EA /* FoodCostManager */;
			targetProxy = 6602220B2A3375DF008F38EA /* PBXContainerItemProxy */;
		};
/* End PBXTargetDependency section */

/* Begin XCBuildConfiguration section */
		660222122A3375DF008F38EA /* Debug */ = {
			isa = XCBuildConfiguration;
			buildSettings = {
				ALWAYS_SEARCH_USER_PATHS = NO;
				CLANG_ANALYZER_NONNULL = YES;
				CLANG_ANALYZER_NUMBER_OBJECT_CONVERSION = YES_AGGRESSIVE;
				CLANG_CXX_LANGUAGE_STANDARD = "gnu++20";
				CLANG_ENABLE_MODULES = YES;
				CLANG_ENABLE_OBJC_ARC = YES;
				CLANG_ENABLE_OBJC_WEAK = YES;
				CLANG_WARN_BLOCK_CAPTURE_AUTORELEASING = YES;
				CLANG_WARN_BOOL_CONVERSION = YES;
				CLANG_WARN_COMMA = YES;
				CLANG_WARN_CONSTANT_CONVERSION = YES;
				CLANG_WARN_DEPRECATED_OBJC_IMPLEMENTATIONS = YES;
				CLANG_WARN_DIRECT_OBJC_ISA_USAGE = YES_ERROR;
				CLANG_WARN_DOCUMENTATION_COMMENTS = YES;
				CLANG_WARN_EMPTY_BODY = YES;
				CLANG_WARN_ENUM_CONVERSION = YES;
				CLANG_WARN_INFINITE_RECURSION = YES;
				CLANG_WARN_INT_CONVERSION = YES;
				CLANG_WARN_NON_LITERAL_NULL_CONVERSION = YES;
				CLANG_WARN_OBJC_IMPLICIT_RETAIN_SELF = YES;
				CLANG_WARN_OBJC_LITERAL_CONVERSION = YES;
				CLANG_WARN_OBJC_ROOT_CLASS = YES_ERROR;
				CLANG_WARN_QUOTED_INCLUDE_IN_FRAMEWORK_HEADER = YES;
				CLANG_WARN_RANGE_LOOP_ANALYSIS = YES;
				CLANG_WARN_STRICT_PROTOTYPES = YES;
				CLANG_WARN_SUSPICIOUS_MOVE = YES;
				CLANG_WARN_UNGUARDED_AVAILABILITY = YES_AGGRESSIVE;
				CLANG_WARN_UNREACHABLE_CODE = YES;
				CLANG_WARN__DUPLICATE_METHOD_MATCH = YES;
				COPY_PHASE_STRIP = NO;
				DEBUG_INFORMATION_FORMAT = dwarf;
				ENABLE_STRICT_OBJC_MSGSEND = YES;
				ENABLE_TESTABILITY = YES;
				GCC_C_LANGUAGE_STANDARD = gnu11;
				GCC_DYNAMIC_NO_PIC = NO;
				GCC_NO_COMMON_BLOCKS = YES;
				GCC_OPTIMIZATION_LEVEL = 0;
				GCC_PREPROCESSOR_DEFINITIONS = (
					"DEBUG=1",
					"$(inherited)",
				);
				GCC_WARN_64_TO_32_BIT_CONVERSION = YES;
				GCC_WARN_ABOUT_RETURN_TYPE = YES_ERROR;
				GCC_WARN_UNDECLARED_SELECTOR = YES;
				GCC_WARN_UNINITIALIZED_AUTOS = YES_AGGRESSIVE;
				GCC_WARN_UNUSED_FUNCTION = YES;
				GCC_WARN_UNUSED_VARIABLE = YES;
				IPHONEOS_DEPLOYMENT_TARGET = 16.4;
				MTL_ENABLE_DEBUG_INFO = INCLUDE_SOURCE;
				MTL_FAST_MATH = YES;
				ONLY_ACTIVE_ARCH = YES;
				SDKROOT = iphoneos;
				SWIFT_ACTIVE_COMPILATION_CONDITIONS = DEBUG;
				SWIFT_OPTIMIZATION_LEVEL = "-Onone";
			};
			name = Debug;
		};
		660222132A3375DF008F38EA /* Release */ = {
			isa = XCBuildConfiguration;
			buildSettings = {
				ALWAYS_SEARCH_USER_PATHS = NO;
				CLANG_ANALYZER_NONNULL = YES;
				CLANG_ANALYZER_NUMBER_OBJECT_CONVERSION = YES_AGGRESSIVE;
				CLANG_CXX_LANGUAGE_STANDARD = "gnu++20";
				CLANG_ENABLE_MODULES = YES;
				CLANG_ENABLE_OBJC_ARC = YES;
				CLANG_ENABLE_OBJC_WEAK = YES;
				CLANG_WARN_BLOCK_CAPTURE_AUTORELEASING = YES;
				CLANG_WARN_BOOL_CONVERSION = YES;
				CLANG_WARN_COMMA = YES;
				CLANG_WARN_CONSTANT_CONVERSION = YES;
				CLANG_WARN_DEPRECATED_OBJC_IMPLEMENTATIONS = YES;
				CLANG_WARN_DIRECT_OBJC_ISA_USAGE = YES_ERROR;
				CLANG_WARN_DOCUMENTATION_COMMENTS = YES;
				CLANG_WARN_EMPTY_BODY = YES;
				CLANG_WARN_ENUM_CONVERSION = YES;
				CLANG_WARN_INFINITE_RECURSION = YES;
				CLANG_WARN_INT_CONVERSION = YES;
				CLANG_WARN_NON_LITERAL_NULL_CONVERSION = YES;
				CLANG_WARN_OBJC_IMPLICIT_RETAIN_SELF = YES;
				CLANG_WARN_OBJC_LITERAL_CONVERSION = YES;
				CLANG_WARN_OBJC_ROOT_CLASS = YES_ERROR;
				CLANG_WARN_QUOTED_INCLUDE_IN_FRAMEWORK_HEADER = YES;
				CLANG_WARN_RANGE_LOOP_ANALYSIS = YES;
				CLANG_WARN_STRICT_PROTOTYPES = YES;
				CLANG_WARN_SUSPICIOUS_MOVE = YES;
				CLANG_WARN_UNGUARDED_AVAILABILITY = YES_AGGRESSIVE;
				CLANG_WARN_UNREACHABLE_CODE = YES;
				CLANG_WARN__DUPLICATE_METHOD_MATCH = YES;
				COPY_PHASE_STRIP = NO;
				DEBUG_INFORMATION_FORMAT = "dwarf-with-dsym";
				ENABLE_NS_ASSERTIONS = NO;
				ENABLE_STRICT_OBJC_MSGSEND = YES;
				GCC_C_LANGUAGE_STANDARD = gnu11;
				GCC_NO_COMMON_BLOCKS = YES;
				GCC_WARN_64_TO_32_BIT_CONVERSION = YES;
				GCC_WARN_ABOUT_RETURN_TYPE = YES_ERROR;
				GCC_WARN_UNDECLARED_SELECTOR = YES;
				GCC_WARN_UNINITIALIZED_AUTOS = YES_AGGRESSIVE;
				GCC_WARN_UNUSED_FUNCTION = YES;
				GCC_WARN_UNUSED_VARIABLE = YES;
				IPHONEOS_DEPLOYMENT_TARGET = 16.4;
				MTL_ENABLE_DEBUG_INFO = NO;
				MTL_FAST_MATH = YES;
				SDKROOT = iphoneos;
				SWIFT_COMPILATION_MODE = wholemodule;
				SWIFT_OPTIMIZATION_LEVEL = "-O";
				VALIDATE_PRODUCT = YES;
			};
			name = Release;
		};
		660222152A3375DF008F38EA /* Debug */ = {
			isa = XCBuildConfiguration;
			buildSettings = {
				ASSETCATALOG_COMPILER_APPICON_NAME = AppIcon;
				ASSETCATALOG_COMPILER_GLOBAL_ACCENT_COLOR_NAME = AccentColor;
				CODE_SIGN_STYLE = Automatic;
				CURRENT_PROJECT_VERSION = 1;
				DEVELOPMENT_ASSET_PATHS = "\"FoodCostManager/Preview Content\"";
				DEVELOPMENT_TEAM = 2YXGL3JZP2;
				ENABLE_PREVIEWS = YES;
				GENERATE_INFOPLIST_FILE = YES;
				INFOPLIST_KEY_UIApplicationSceneManifest_Generation = YES;
				INFOPLIST_KEY_UIApplicationSupportsIndirectInputEvents = YES;
				INFOPLIST_KEY_UILaunchScreen_Generation = YES;
				INFOPLIST_KEY_UISupportedInterfaceOrientations_iPad = "UIInterfaceOrientationPortrait UIInterfaceOrientationPortraitUpsideDown UIInterfaceOrientationLandscapeLeft UIInterfaceOrientationLandscapeRight";
				INFOPLIST_KEY_UISupportedInterfaceOrientations_iPhone = "UIInterfaceOrientationPortrait UIInterfaceOrientationLandscapeLeft UIInterfaceOrientationLandscapeRight";
				LD_RUNPATH_SEARCH_PATHS = (
					"$(inherited)",
					"@executable_path/Frameworks",
				);
				MARKETING_VERSION = 1.0;
				PRODUCT_BUNDLE_IDENTIFIER = com.almikan.FoodCostManager;
				PRODUCT_NAME = "$(TARGET_NAME)";
				SWIFT_EMIT_LOC_STRINGS = YES;
				SWIFT_VERSION = 5.0;
				TARGETED_DEVICE_FAMILY = "1,2";
			};
			name = Debug;
		};
		660222162A3375DF008F38EA /* Release */ = {
			isa = XCBuildConfiguration;
			buildSettings = {
				ASSETCATALOG_COMPILER_APPICON_NAME = AppIcon;
				ASSETCATALOG_COMPILER_GLOBAL_ACCENT_COLOR_NAME = AccentColor;
				CODE_SIGN_STYLE = Automatic;
				CURRENT_PROJECT_VERSION = 1;
				DEVELOPMENT_ASSET_PATHS = "\"FoodCostManager/Preview Content\"";
				DEVELOPMENT_TEAM = 2YXGL3JZP2;
				ENABLE_PREVIEWS = YES;
				GENERATE_INFOPLIST_FILE = YES;
				INFOPLIST_KEY_UIApplicationSceneManifest_Generation = YES;
				INFOPLIST_KEY_UIApplicationSupportsIndirectInputEvents = YES;
				INFOPLIST_KEY_UILaunchScreen_Generation = YES;
				INFOPLIST_KEY_UISupportedInterfaceOrientations_iPad = "UIInterfaceOrientationPortrait UIInterfaceOrientationPortraitUpsideDown UIInterfaceOrientationLandscapeLeft UIInterfaceOrientationLandscapeRight";
				INFOPLIST_KEY_UISupportedInterfaceOrientations_iPhone = "UIInterfaceOrientationPortrait UIInterfaceOrientationLandscapeLeft UIInterfaceOrientationLandscapeRight";
				LD_RUNPATH_SEARCH_PATHS = (
					"$(inherited)",
					"@executable_path/Frameworks",
				);
				MARKETING_VERSION = 1.0;
				PRODUCT_BUNDLE_IDENTIFIER = com.almikan.FoodCostManager;
				PRODUCT_NAME = "$(TARGET_NAME)";
				SWIFT_EMIT_LOC_STRINGS = YES;
				SWIFT_VERSION = 5.0;
				TARGETED_DEVICE_FAMILY = "1,2";
			};
			name = Release;
		};
		660222182A3375DF008F38EA /* Debug */ = {
			isa = XCBuildConfiguration;
			buildSettings = {
				ALWAYS_EMBED_SWIFT_STANDARD_LIBRARIES = YES;
				BUNDLE_LOADER = "$(TEST_HOST)";
				CODE_SIGN_STYLE = Automatic;
				CURRENT_PROJECT_VERSION = 1;
				DEVELOPMENT_TEAM = 2YXGL3JZP2;
				GENERATE_INFOPLIST_FILE = YES;
				IPHONEOS_DEPLOYMENT_TARGET = 16.4;
				MARKETING_VERSION = 1.0;
				PRODUCT_BUNDLE_IDENTIFIER = com.almikan.FoodCostManagerTests;
				PRODUCT_NAME = "$(TARGET_NAME)";
				SWIFT_EMIT_LOC_STRINGS = NO;
				SWIFT_VERSION = 5.0;
				TARGETED_DEVICE_FAMILY = "1,2";
				TEST_HOST = "$(BUILT_PRODUCTS_DIR)/FoodCostManager.app/$(BUNDLE_EXECUTABLE_FOLDER_PATH)/FoodCostManager";
			};
			name = Debug;
		};
		660222192A3375DF008F38EA /* Release */ = {
			isa = XCBuildConfiguration;
			buildSettings = {
				ALWAYS_EMBED_SWIFT_STANDARD_LIBRARIES = YES;
				BUNDLE_LOADER = "$(TEST_HOST)";
				CODE_SIGN_STYLE = Automatic;
				CURRENT_PROJECT_VERSION = 1;
				DEVELOPMENT_TEAM = 2YXGL3JZP2;
				GENERATE_INFOPLIST_FILE = YES;
				IPHONEOS_DEPLOYMENT_TARGET = 16.4;
				MARKETING_VERSION = 1.0;
				PRODUCT_BUNDLE_IDENTIFIER = com.almikan.FoodCostManagerTests;
				PRODUCT_NAME = "$(TARGET_NAME)";
				SWIFT_EMIT_LOC_STRINGS = NO;
				SWIFT_VERSION = 5.0;
				TARGETED_DEVICE_FAMILY = "1,2";
				TEST_HOST = "$(BUILT_PRODUCTS_DIR)/FoodCostManager.app/$(BUNDLE_EXECUTABLE_FOLDER_PATH)/FoodCostManager";
			};
			name = Release;
		};
		6602221B2A3375DF008F38EA /* Debug */ = {
			isa = XCBuildConfiguration;
			buildSettings = {
				ALWAYS_EMBED_SWIFT_STANDARD_LIBRARIES = YES;
				CODE_SIGN_STYLE = Automatic;
				CURRENT_PROJECT_VERSION = 1;
				DEVELOPMENT_TEAM = 2YXGL3JZP2;
				GENERATE_INFOPLIST_FILE = YES;
				MARKETING_VERSION = 1.0;
				PRODUCT_BUNDLE_IDENTIFIER = com.almikan.FoodCostManagerUITests;
				PRODUCT_NAME = "$(TARGET_NAME)";
				SWIFT_EMIT_LOC_STRINGS = NO;
				SWIFT_VERSION = 5.0;
				TARGETED_DEVICE_FAMILY = "1,2";
				TEST_TARGET_NAME = FoodCostManager;
			};
			name = Debug;
		};
		6602221C2A3375DF008F38EA /* Release */ = {
			isa = XCBuildConfiguration;
			buildSettings = {
				ALWAYS_EMBED_SWIFT_STANDARD_LIBRARIES = YES;
				CODE_SIGN_STYLE = Automatic;
				CURRENT_PROJECT_VERSION = 1;
				DEVELOPMENT_TEAM = 2YXGL3JZP2;
				GENERATE_INFOPLIST_FILE = YES;
				MARKETING_VERSION = 1.0;
				PRODUCT_BUNDLE_IDENTIFIER = com.almikan.FoodCostManagerUITests;
				PRODUCT_NAME = "$(TARGET_NAME)";
				SWIFT_EMIT_LOC_STRINGS = NO;
				SWIFT_VERSION = 5.0;
				TARGETED_DEVICE_FAMILY = "1,2";
				TEST_TARGET_NAME = FoodCostManager;
			};
			name = Release;
		};
/* End XCBuildConfiguration section */

/* Begin XCConfigurationList section */
		660221EB2A3375DD008F38EA /* Build configuration list for PBXProject "FoodCostManager" */ = {
			isa = XCConfigurationList;
			buildConfigurations = (
				660222122A3375DF008F38EA /* Debug */,
				660222132A3375DF008F38EA /* Release */,
			);
			defaultConfigurationIsVisible = 0;
			defaultConfigurationName = Release;
		};
		660222142A3375DF008F38EA /* Build configuration list for PBXNativeTarget "FoodCostManager" */ = {
			isa = XCConfigurationList;
			buildConfigurations = (
				660222152A3375DF008F38EA /* Debug */,
				660222162A3375DF008F38EA /* Release */,
			);
			defaultConfigurationIsVisible = 0;
			defaultConfigurationName = Release;
		};
		660222172A3375DF008F38EA /* Build configuration list for PBXNativeTarget "FoodCostManagerTests" */ = {
			isa = XCConfigurationList;
			buildConfigurations = (
				660222182A3375DF008F38EA /* Debug */,
				660222192A3375DF008F38EA /* Release */,
			);
			defaultConfigurationIsVisible = 0;
			defaultConfigurationName = Release;
		};
		6602221A2A3375DF008F38EA /* Build configuration list for PBXNativeTarget "FoodCostManagerUITests" */ = {
			isa = XCConfigurationList;
			buildConfigurations = (
				6602221B2A3375DF008F38EA /* Debug */,
				6602221C2A3375DF008F38EA /* Release */,
			);
			defaultConfigurationIsVisible = 0;
			defaultConfigurationName = Release;
		};
/* End XCConfigurationList section */
	};
	rootObject = 660221E82A3375DD008F38EA /* Project object */;
}
