// !$*UTF8*$!
{
	archiveVersion = 1;
	classes = {
	};
	objectVersion = 56;
	objects = {

/* Begin PBXBuildFile section */
		660221F42A3375DD008F38EA /* FoodCostManagerApp.swift in Sources */ = {isa = PBXBuildFile; fileRef = 660221F32A3375DD008F38EA /* FoodCostManagerApp.swift */; };
		660221F62A3375DD008F38EA /* ContentView.swift in Sources */ = {isa = PBXBuildFile; fileRef = 660221F52A3375DD008F38EA /* ContentView.swift */; };
		660221F82A3375DF008F38EA /* Assets.xcassets in Resources */ = {isa = PBXBuildFile; fileRef = 660221F72A3375DF008F38EA /* Assets.xcassets */; };
		660221FB2A3375DF008F38EA /* Preview Assets.xcassets in Resources */ = {isa = PBXBuildFile; fileRef = 660221FA2A3375DF008F38EA /* Preview Assets.xcassets */; };
		660222052A3375DF008F38EA /* FoodCostManagerTests.swift in Sources */ = {isa = PBXBuildFile; fileRef = 660222042A3375DF008F38EA /* FoodCostManagerTests.swift */; };
		6602220F2A3375DF008F38EA /* FoodCostManagerUITests.swift in Sources */ = {isa = PBXBuildFile; fileRef = 6602220E2A3375DF008F38EA /* FoodCostManagerUITests.swift */; };
		660222112A3375DF008F38EA /* FoodCostManagerUITestsLaunchTests.swift in Sources */ = {isa = PBXBuildFile; fileRef = 660222102A3375DF008F38EA /* FoodCostManagerUITestsLaunchTests.swift */; };
		6629B8EE2C19EA0F00E7593F /* RealmSwift in Embed Frameworks */ = {isa = PBXBuildFile; productRef = 66DAE2C92C19E91000C1712E /* RealmSwift */; settings = {ATTRIBUTES = (CodeSignOnCopy, ); }; };
		6629B8F12C19EA9100E7593F /* RealmSwift in Frameworks */ = {isa = PBXBuildFile; productRef = 6629B8F02C19EA9100E7593F /* RealmSwift */; };
		6629B8F22C19EA9100E7593F /* RealmSwift in Embed Frameworks */ = {isa = PBXBuildFile; productRef = 6629B8F02C19EA9100E7593F /* RealmSwift */; settings = {ATTRIBUTES = (CodeSignOnCopy, ); }; };
		6629B8F92C19F7E600E7593F /* RealmSwift in Frameworks */ = {isa = PBXBuildFile; productRef = 6629B8F82C19F7E600E7593F /* RealmSwift */; };
		6629B8FA2C19F7E600E7593F /* RealmSwift in Embed Frameworks */ = {isa = PBXBuildFile; productRef = 6629B8F82C19F7E600E7593F /* RealmSwift */; settings = {ATTRIBUTES = (CodeSignOnCopy, ); }; };
		6629B8FD2C19F7ED00E7593F /* RealmSwift in Frameworks */ = {isa = PBXBuildFile; productRef = 6629B8FC2C19F7ED00E7593F /* RealmSwift */; };
		6629B8FE2C19F7ED00E7593F /* RealmSwift in Embed Frameworks */ = {isa = PBXBuildFile; productRef = 6629B8FC2C19F7ED00E7593F /* RealmSwift */; settings = {ATTRIBUTES = (CodeSignOnCopy, ); }; };
		665141182A36242C00579DC1 /* WidgetKit.framework in Frameworks */ = {isa = PBXBuildFile; fileRef = 665141172A36242C00579DC1 /* WidgetKit.framework */; };
		6651411A2A36242C00579DC1 /* SwiftUI.framework in Frameworks */ = {isa = PBXBuildFile; fileRef = 665141192A36242C00579DC1 /* SwiftUI.framework */; };
		6651411D2A36242C00579DC1 /* CostWidgetBundle.swift in Sources */ = {isa = PBXBuildFile; fileRef = 6651411C2A36242C00579DC1 /* CostWidgetBundle.swift */; };
		6651411F2A36242C00579DC1 /* CostWidgetLiveActivity.swift in Sources */ = {isa = PBXBuildFile; fileRef = 6651411E2A36242C00579DC1 /* CostWidgetLiveActivity.swift */; };
		665141212A36242C00579DC1 /* CostWidget.swift in Sources */ = {isa = PBXBuildFile; fileRef = 665141202A36242C00579DC1 /* CostWidget.swift */; };
		665141242A36242E00579DC1 /* Assets.xcassets in Resources */ = {isa = PBXBuildFile; fileRef = 665141232A36242E00579DC1 /* Assets.xcassets */; };
		665141262A36242E00579DC1 /* CostWidget.intentdefinition in Sources */ = {isa = PBXBuildFile; fileRef = 665141222A36242D00579DC1 /* CostWidget.intentdefinition */; };
		665141272A36242E00579DC1 /* CostWidget.intentdefinition in Sources */ = {isa = PBXBuildFile; fileRef = 665141222A36242D00579DC1 /* CostWidget.intentdefinition */; };
		6651412A2A36242E00579DC1 /* CostWidgetExtension.appex in Embed Foundation Extensions */ = {isa = PBXBuildFile; fileRef = 665141162A36242C00579DC1 /* CostWidgetExtension.appex */; settings = {ATTRIBUTES = (RemoveHeadersOnCopy, ); }; };
		665141312A362A9900579DC1 /* FoodTable.swift in Sources */ = {isa = PBXBuildFile; fileRef = 66F39A1E2A34E3BD007C235B /* FoodTable.swift */; };
		665141332A36343400579DC1 /* CostWidget.swift in Sources */ = {isa = PBXBuildFile; fileRef = 665141202A36242C00579DC1 /* CostWidget.swift */; };
		669452252A387625003AFFD6 /* ChartView.swift in Sources */ = {isa = PBXBuildFile; fileRef = 669452242A387625003AFFD6 /* ChartView.swift */; };
		669DD93C2A3457D700C2CEE4 /* TabBarView.swift in Sources */ = {isa = PBXBuildFile; fileRef = 669DD93B2A3457D700C2CEE4 /* TabBarView.swift */; };
		66D0E0972A35A08B001F6A08 /* ContentView.swift in Sources */ = {isa = PBXBuildFile; fileRef = 660221F52A3375DD008F38EA /* ContentView.swift */; };
		66DAE2C62C19E8EB00C1712E /* Neumorphic in Frameworks */ = {isa = PBXBuildFile; productRef = 66DAE2C52C19E8EB00C1712E /* Neumorphic */; };
		66DAE2CA2C19E91000C1712E /* RealmSwift in Frameworks */ = {isa = PBXBuildFile; productRef = 66DAE2C92C19E91000C1712E /* RealmSwift */; };
		66F39A1D2A34CDEC007C235B /* HistoryView.swift in Sources */ = {isa = PBXBuildFile; fileRef = 66F39A1C2A34CDEC007C235B /* HistoryView.swift */; };
		66F39A1F2A34E3BD007C235B /* FoodTable.swift in Sources */ = {isa = PBXBuildFile; fileRef = 66F39A1E2A34E3BD007C235B /* FoodTable.swift */; };
/* End PBXBuildFile section */

/* Begin PBXContainerItemProxy section */
		660222012A3375DF008F38EA /* PBXContainerItemProxy */ = {
			isa = PBXContainerItemProxy;
			containerPortal = 660221E82A3375DD008F38EA /* Project object */;
			proxyType = 1;
			remoteGlobalIDString = 660221EF2A3375DD008F38EA;
			remoteInfo = FoodCostManager;
		};
		6602220B2A3375DF008F38EA /* PBXContainerItemProxy */ = {
			isa = PBXContainerItemProxy;
			containerPortal = 660221E82A3375DD008F38EA /* Project object */;
			proxyType = 1;
			remoteGlobalIDString = 660221EF2A3375DD008F38EA;
			remoteInfo = FoodCostManager;
		};
		665141282A36242E00579DC1 /* PBXContainerItemProxy */ = {
			isa = PBXContainerItemProxy;
			containerPortal = 660221E82A3375DD008F38EA /* Project object */;
			proxyType = 1;
			remoteGlobalIDString = 665141152A36242C00579DC1;
			remoteInfo = CostWidgetExtension;
		};
/* End PBXContainerItemProxy section */

/* Begin PBXCopyFilesBuildPhase section */
		6629B8EF2C19EA1000E7593F /* Embed Frameworks */ = {
			isa = PBXCopyFilesBuildPhase;
			buildActionMask = 2147483647;
			dstPath = "";
			dstSubfolderSpec = 10;
			files = (
				6629B8EE2C19EA0F00E7593F /* RealmSwift in Embed Frameworks */,
			);
			name = "Embed Frameworks";
			runOnlyForDeploymentPostprocessing = 0;
		};
		6629B8F32C19EA9100E7593F /* Embed Frameworks */ = {
			isa = PBXCopyFilesBuildPhase;
			buildActionMask = 2147483647;
			dstPath = "";
			dstSubfolderSpec = 10;
			files = (
				6629B8F22C19EA9100E7593F /* RealmSwift in Embed Frameworks */,
			);
			name = "Embed Frameworks";
			runOnlyForDeploymentPostprocessing = 0;
		};
		6629B8FB2C19F7E600E7593F /* Embed Frameworks */ = {
			isa = PBXCopyFilesBuildPhase;
			buildActionMask = 2147483647;
			dstPath = "";
			dstSubfolderSpec = 10;
			files = (
				6629B8FA2C19F7E600E7593F /* RealmSwift in Embed Frameworks */,
			);
			name = "Embed Frameworks";
			runOnlyForDeploymentPostprocessing = 0;
		};
		6629B8FF2C19F7ED00E7593F /* Embed Frameworks */ = {
			isa = PBXCopyFilesBuildPhase;
			buildActionMask = 2147483647;
			dstPath = "";
			dstSubfolderSpec = 10;
			files = (
				6629B8FE2C19F7ED00E7593F /* RealmSwift in Embed Frameworks */,
			);
			name = "Embed Frameworks";
			runOnlyForDeploymentPostprocessing = 0;
		};
		6651412E2A36242E00579DC1 /* Embed Foundation Extensions */ = {
			isa = PBXCopyFilesBuildPhase;
			buildActionMask = 2147483647;
			dstPath = "";
			dstSubfolderSpec = 13;
			files = (
				6651412A2A36242E00579DC1 /* CostWidgetExtension.appex in Embed Foundation Extensions */,
			);
			name = "Embed Foundation Extensions";
			runOnlyForDeploymentPostprocessing = 0;
		};
/* End PBXCopyFilesBuildPhase section */

/* Begin PBXFileReference section */
		660221F02A3375DD008F38EA /* FoodCostManager.app */ = {isa = PBXFileReference; explicitFileType = wrapper.application; includeInIndex = 0; path = FoodCostManager.app; sourceTree = BUILT_PRODUCTS_DIR; };
		660221F32A3375DD008F38EA /* FoodCostManagerApp.swift */ = {isa = PBXFileReference; lastKnownFileType = sourcecode.swift; path = FoodCostManagerApp.swift; sourceTree = "<group>"; };
		660221F52A3375DD008F38EA /* ContentView.swift */ = {isa = PBXFileReference; lastKnownFileType = sourcecode.swift; path = ContentView.swift; sourceTree = "<group>"; };
		660221F72A3375DF008F38EA /* Assets.xcassets */ = {isa = PBXFileReference; lastKnownFileType = folder.assetcatalog; path = Assets.xcassets; sourceTree = "<group>"; };
		660221FA2A3375DF008F38EA /* Preview Assets.xcassets */ = {isa = PBXFileReference; lastKnownFileType = folder.assetcatalog; path = "Preview Assets.xcassets"; sourceTree = "<group>"; };
		660222002A3375DF008F38EA /* FoodCostManagerTests.xctest */ = {isa = PBXFileReference; explicitFileType = wrapper.cfbundle; includeInIndex = 0; path = FoodCostManagerTests.xctest; sourceTree = BUILT_PRODUCTS_DIR; };
		660222042A3375DF008F38EA /* FoodCostManagerTests.swift */ = {isa = PBXFileReference; lastKnownFileType = sourcecode.swift; path = FoodCostManagerTests.swift; sourceTree = "<group>"; };
		6602220A2A3375DF008F38EA /* FoodCostManagerUITests.xctest */ = {isa = PBXFileReference; explicitFileType = wrapper.cfbundle; includeInIndex = 0; path = FoodCostManagerUITests.xctest; sourceTree = BUILT_PRODUCTS_DIR; };
		6602220E2A3375DF008F38EA /* FoodCostManagerUITests.swift */ = {isa = PBXFileReference; lastKnownFileType = sourcecode.swift; path = FoodCostManagerUITests.swift; sourceTree = "<group>"; };
		660222102A3375DF008F38EA /* FoodCostManagerUITestsLaunchTests.swift */ = {isa = PBXFileReference; lastKnownFileType = sourcecode.swift; path = FoodCostManagerUITestsLaunchTests.swift; sourceTree = "<group>"; };
		665141162A36242C00579DC1 /* CostWidgetExtension.appex */ = {isa = PBXFileReference; explicitFileType = "wrapper.app-extension"; includeInIndex = 0; path = CostWidgetExtension.appex; sourceTree = BUILT_PRODUCTS_DIR; };
		665141172A36242C00579DC1 /* WidgetKit.framework */ = {isa = PBXFileReference; lastKnownFileType = wrapper.framework; name = WidgetKit.framework; path = System/Library/Frameworks/WidgetKit.framework; sourceTree = SDKROOT; };
		665141192A36242C00579DC1 /* SwiftUI.framework */ = {isa = PBXFileReference; lastKnownFileType = wrapper.framework; name = SwiftUI.framework; path = System/Library/Frameworks/SwiftUI.framework; sourceTree = SDKROOT; };
		6651411C2A36242C00579DC1 /* CostWidgetBundle.swift */ = {isa = PBXFileReference; lastKnownFileType = sourcecode.swift; path = CostWidgetBundle.swift; sourceTree = "<group>"; };
		6651411E2A36242C00579DC1 /* CostWidgetLiveActivity.swift */ = {isa = PBXFileReference; lastKnownFileType = sourcecode.swift; path = CostWidgetLiveActivity.swift; sourceTree = "<group>"; };
		665141202A36242C00579DC1 /* CostWidget.swift */ = {isa = PBXFileReference; lastKnownFileType = sourcecode.swift; path = CostWidget.swift; sourceTree = "<group>"; };
		665141222A36242D00579DC1 /* CostWidget.intentdefinition */ = {isa = PBXFileReference; lastKnownFileType = file.intentdefinition; path = CostWidget.intentdefinition; sourceTree = "<group>"; };
		665141232A36242E00579DC1 /* Assets.xcassets */ = {isa = PBXFileReference; lastKnownFileType = folder.assetcatalog; path = Assets.xcassets; sourceTree = "<group>"; };
		665141252A36242E00579DC1 /* Info.plist */ = {isa = PBXFileReference; lastKnownFileType = text.plist.xml; path = Info.plist; sourceTree = "<group>"; };
		6651412F2A3628EB00579DC1 /* FoodCostManager.entitlements */ = {isa = PBXFileReference; lastKnownFileType = text.plist.entitlements; path = FoodCostManager.entitlements; sourceTree = "<group>"; };
		665141302A36295600579DC1 /* CostWidgetExtension.entitlements */ = {isa = PBXFileReference; lastKnownFileType = text.plist.entitlements; path = CostWidgetExtension.entitlements; sourceTree = "<group>"; };
		669452242A387625003AFFD6 /* ChartView.swift */ = {isa = PBXFileReference; lastKnownFileType = sourcecode.swift; path = ChartView.swift; sourceTree = "<group>"; };
		669DD93B2A3457D700C2CEE4 /* TabBarView.swift */ = {isa = PBXFileReference; lastKnownFileType = sourcecode.swift; path = TabBarView.swift; sourceTree = "<group>"; };
		66F39A1C2A34CDEC007C235B /* HistoryView.swift */ = {isa = PBXFileReference; lastKnownFileType = sourcecode.swift; path = HistoryView.swift; sourceTree = "<group>"; };
		66F39A1E2A34E3BD007C235B /* FoodTable.swift */ = {isa = PBXFileReference; lastKnownFileType = sourcecode.swift; path = FoodTable.swift; sourceTree = "<group>"; };
/* End PBXFileReference section */

/* Begin PBXFrameworksBuildPhase section */
		660221ED2A3375DD008F38EA /* Frameworks */ = {
			isa = PBXFrameworksBuildPhase;
			buildActionMask = 2147483647;
			files = (
				66DAE2CA2C19E91000C1712E /* RealmSwift in Frameworks */,
				66DAE2C62C19E8EB00C1712E /* Neumorphic in Frameworks */,
			);
			runOnlyForDeploymentPostprocessing = 0;
		};
		660221FD2A3375DF008F38EA /* Frameworks */ = {
			isa = PBXFrameworksBuildPhase;
			buildActionMask = 2147483647;
			files = (
				6629B8F92C19F7E600E7593F /* RealmSwift in Frameworks */,
			);
			runOnlyForDeploymentPostprocessing = 0;
		};
		660222072A3375DF008F38EA /* Frameworks */ = {
			isa = PBXFrameworksBuildPhase;
			buildActionMask = 2147483647;
			files = (
				6629B8FD2C19F7ED00E7593F /* RealmSwift in Frameworks */,
			);
			runOnlyForDeploymentPostprocessing = 0;
		};
		665141132A36242C00579DC1 /* Frameworks */ = {
			isa = PBXFrameworksBuildPhase;
			buildActionMask = 2147483647;
			files = (
				6629B8F12C19EA9100E7593F /* RealmSwift in Frameworks */,
				6651411A2A36242C00579DC1 /* SwiftUI.framework in Frameworks */,
				665141182A36242C00579DC1 /* WidgetKit.framework in Frameworks */,
			);
			runOnlyForDeploymentPostprocessing = 0;
		};
/* End PBXFrameworksBuildPhase section */

/* Begin PBXGroup section */
		660221E72A3375DD008F38EA = {
			isa = PBXGroup;
			children = (
				665141302A36295600579DC1 /* CostWidgetExtension.entitlements */,
				660221F22A3375DD008F38EA /* FoodCostManager */,
				660222032A3375DF008F38EA /* FoodCostManagerTests */,
				6602220D2A3375DF008F38EA /* FoodCostManagerUITests */,
				6651411B2A36242C00579DC1 /* CostWidget */,
				660221F12A3375DD008F38EA /* Products */,
				695BD3BCBB4566852C2530AF /* Frameworks */,
			);
			sourceTree = "<group>";
		};
		660221F12A3375DD008F38EA /* Products */ = {
			isa = PBXGroup;
			children = (
				660221F02A3375DD008F38EA /* FoodCostManager.app */,
				660222002A3375DF008F38EA /* FoodCostManagerTests.xctest */,
				6602220A2A3375DF008F38EA /* FoodCostManagerUITests.xctest */,
				665141162A36242C00579DC1 /* CostWidgetExtension.appex */,
			);
			name = Products;
			sourceTree = "<group>";
		};
		660221F22A3375DD008F38EA /* FoodCostManager */ = {
			isa = PBXGroup;
			children = (
				6651412F2A3628EB00579DC1 /* FoodCostManager.entitlements */,
				660221F32A3375DD008F38EA /* FoodCostManagerApp.swift */,
				660221F52A3375DD008F38EA /* ContentView.swift */,
				66F39A1C2A34CDEC007C235B /* HistoryView.swift */,
				669452242A387625003AFFD6 /* ChartView.swift */,
				669DD93B2A3457D700C2CEE4 /* TabBarView.swift */,
				66F39A1E2A34E3BD007C235B /* FoodTable.swift */,
				660221F72A3375DF008F38EA /* Assets.xcassets */,
				660221F92A3375DF008F38EA /* Preview Content */,
			);
			path = FoodCostManager;
			sourceTree = "<group>";
		};
		660221F92A3375DF008F38EA /* Preview Content */ = {
			isa = PBXGroup;
			children = (
				660221FA2A3375DF008F38EA /* Preview Assets.xcassets */,
			);
			path = "Preview Content";
			sourceTree = "<group>";
		};
		660222032A3375DF008F38EA /* FoodCostManagerTests */ = {
			isa = PBXGroup;
			children = (
				660222042A3375DF008F38EA /* FoodCostManagerTests.swift */,
			);
			path = FoodCostManagerTests;
			sourceTree = "<group>";
		};
		6602220D2A3375DF008F38EA /* FoodCostManagerUITests */ = {
			isa = PBXGroup;
			children = (
				6602220E2A3375DF008F38EA /* FoodCostManagerUITests.swift */,
				660222102A3375DF008F38EA /* FoodCostManagerUITestsLaunchTests.swift */,
			);
			path = FoodCostManagerUITests;
			sourceTree = "<group>";
		};
		6651411B2A36242C00579DC1 /* CostWidget */ = {
			isa = PBXGroup;
			children = (
				6651411C2A36242C00579DC1 /* CostWidgetBundle.swift */,
				6651411E2A36242C00579DC1 /* CostWidgetLiveActivity.swift */,
				665141202A36242C00579DC1 /* CostWidget.swift */,
				665141222A36242D00579DC1 /* CostWidget.intentdefinition */,
				665141232A36242E00579DC1 /* Assets.xcassets */,
				665141252A36242E00579DC1 /* Info.plist */,
			);
			path = CostWidget;
			sourceTree = "<group>";
		};
		695BD3BCBB4566852C2530AF /* Frameworks */ = {
			isa = PBXGroup;
			children = (
				665141172A36242C00579DC1 /* WidgetKit.framework */,
				665141192A36242C00579DC1 /* SwiftUI.framework */,
			);
			name = Frameworks;
			sourceTree = "<group>";
		};
/* End PBXGroup section */

/* Begin PBXNativeTarget section */
		660221EF2A3375DD008F38EA /* FoodCostManager */ = {
			isa = PBXNativeTarget;
			buildConfigurationList = 660222142A3375DF008F38EA /* Build configuration list for PBXNativeTarget "FoodCostManager" */;
			buildPhases = (
				660221EC2A3375DD008F38EA /* Sources */,
				660221ED2A3375DD008F38EA /* Frameworks */,
				660221EE2A3375DD008F38EA /* Resources */,
				6651412E2A36242E00579DC1 /* Embed Foundation Extensions */,
				6629B8EF2C19EA1000E7593F /* Embed Frameworks */,
			);
			buildRules = (
			);
			dependencies = (
				665141292A36242E00579DC1 /* PBXTargetDependency */,
			);
			name = FoodCostManager;
			packageProductDependencies = (
				66DAE2C52C19E8EB00C1712E /* Neumorphic */,
				66DAE2C92C19E91000C1712E /* RealmSwift */,
			);
			productName = FoodCostManager;
			productReference = 660221F02A3375DD008F38EA /* FoodCostManager.app */;
			productType = "com.apple.product-type.application";
		};
		660221FF2A3375DF008F38EA /* FoodCostManagerTests */ = {
			isa = PBXNativeTarget;
			buildConfigurationList = 660222172A3375DF008F38EA /* Build configuration list for PBXNativeTarget "FoodCostManagerTests" */;
			buildPhases = (
				660221FC2A3375DF008F38EA /* Sources */,
				660221FD2A3375DF008F38EA /* Frameworks */,
				660221FE2A3375DF008F38EA /* Resources */,
				6629B8FB2C19F7E600E7593F /* Embed Frameworks */,
			);
			buildRules = (
			);
			dependencies = (
				660222022A3375DF008F38EA /* PBXTargetDependency */,
			);
			name = FoodCostManagerTests;
			packageProductDependencies = (
				6629B8F82C19F7E600E7593F /* RealmSwift */,
			);
			productName = FoodCostManagerTests;
			productReference = 660222002A3375DF008F38EA /* FoodCostManagerTests.xctest */;
			productType = "com.apple.product-type.bundle.unit-test";
		};
		660222092A3375DF008F38EA /* FoodCostManagerUITests */ = {
			isa = PBXNativeTarget;
			buildConfigurationList = 6602221A2A3375DF008F38EA /* Build configuration list for PBXNativeTarget "FoodCostManagerUITests" */;
			buildPhases = (
				660222062A3375DF008F38EA /* Sources */,
				660222072A3375DF008F38EA /* Frameworks */,
				660222082A3375DF008F38EA /* Resources */,
				6629B8FF2C19F7ED00E7593F /* Embed Frameworks */,
			);
			buildRules = (
			);
			dependencies = (
				6602220C2A3375DF008F38EA /* PBXTargetDependency */,
			);
			name = FoodCostManagerUITests;
			packageProductDependencies = (
				6629B8FC2C19F7ED00E7593F /* RealmSwift */,
			);
			productName = FoodCostManagerUITests;
			productReference = 6602220A2A3375DF008F38EA /* FoodCostManagerUITests.xctest */;
			productType = "com.apple.product-type.bundle.ui-testing";
		};
		665141152A36242C00579DC1 /* CostWidgetExtension */ = {
			isa = PBXNativeTarget;
			buildConfigurationList = 6651412B2A36242E00579DC1 /* Build configuration list for PBXNativeTarget "CostWidgetExtension" */;
			buildPhases = (
				665141122A36242C00579DC1 /* Sources */,
				665141132A36242C00579DC1 /* Frameworks */,
				665141142A36242C00579DC1 /* Resources */,
				6629B8F32C19EA9100E7593F /* Embed Frameworks */,
			);
			buildRules = (
			);
			dependencies = (
			);
			name = CostWidgetExtension;
			packageProductDependencies = (
				6629B8F02C19EA9100E7593F /* RealmSwift */,
			);
			productName = CostWidgetExtension;
			productReference = 665141162A36242C00579DC1 /* CostWidgetExtension.appex */;
			productType = "com.apple.product-type.app-extension";
		};
/* End PBXNativeTarget section */

/* Begin PBXProject section */
		660221E82A3375DD008F38EA /* Project object */ = {
			isa = PBXProject;
			attributes = {
				BuildIndependentTargetsInParallel = 1;
				LastSwiftUpdateCheck = 1430;
				LastUpgradeCheck = 1430;
				TargetAttributes = {
					660221EF2A3375DD008F38EA = {
						CreatedOnToolsVersion = 14.3.1;
					};
					660221FF2A3375DF008F38EA = {
						CreatedOnToolsVersion = 14.3.1;
						TestTargetID = 660221EF2A3375DD008F38EA;
					};
					660222092A3375DF008F38EA = {
						CreatedOnToolsVersion = 14.3.1;
						TestTargetID = 660221EF2A3375DD008F38EA;
					};
					665141152A36242C00579DC1 = {
						CreatedOnToolsVersion = 14.3.1;
					};
				};
			};
			buildConfigurationList = 660221EB2A3375DD008F38EA /* Build configuration list for PBXProject "FoodCostManager" */;
			compatibilityVersion = "Xcode 14.0";
			developmentRegion = en;
			hasScannedForEncodings = 0;
			knownRegions = (
				en,
				Base,
			);
			mainGroup = 660221E72A3375DD008F38EA;
			packageReferences = (
				669DD9382A344C6700C2CEE4 /* XCRemoteSwiftPackageReference "neumorphic" */,
				66DAE2C02C19E6E100C1712E /* XCRemoteSwiftPackageReference "realm-swift" */,
			);
			productRefGroup = 660221F12A3375DD008F38EA /* Products */;
			projectDirPath = "";
			projectRoot = "";
			targets = (
				660221EF2A3375DD008F38EA /* FoodCostManager */,
				660221FF2A3375DF008F38EA /* FoodCostManagerTests */,
				660222092A3375DF008F38EA /* FoodCostManagerUITests */,
				665141152A36242C00579DC1 /* CostWidgetExtension */,
			);
		};
/* End PBXProject section */

/* Begin PBXResourcesBuildPhase section */
		660221EE2A3375DD008F38EA /* Resources */ = {
			isa = PBXResourcesBuildPhase;
			buildActionMask = 2147483647;
			files = (
				660221FB2A3375DF008F38EA /* Preview Assets.xcassets in Resources */,
				660221F82A3375DF008F38EA /* Assets.xcassets in Resources */,
			);
			runOnlyForDeploymentPostprocessing = 0;
		};
		660221FE2A3375DF008F38EA /* Resources */ = {
			isa = PBXResourcesBuildPhase;
			buildActionMask = 2147483647;
			files = (
			);
			runOnlyForDeploymentPostprocessing = 0;
		};
		660222082A3375DF008F38EA /* Resources */ = {
			isa = PBXResourcesBuildPhase;
			buildActionMask = 2147483647;
			files = (
			);
			runOnlyForDeploymentPostprocessing = 0;
		};
		665141142A36242C00579DC1 /* Resources */ = {
			isa = PBXResourcesBuildPhase;
			buildActionMask = 2147483647;
			files = (
				665141242A36242E00579DC1 /* Assets.xcassets in Resources */,
			);
			runOnlyForDeploymentPostprocessing = 0;
		};
/* End PBXResourcesBuildPhase section */

/* Begin PBXSourcesBuildPhase section */
		660221EC2A3375DD008F38EA /* Sources */ = {
			isa = PBXSourcesBuildPhase;
			buildActionMask = 2147483647;
			files = (
				660221F62A3375DD008F38EA /* ContentView.swift in Sources */,
				665141272A36242E00579DC1 /* CostWidget.intentdefinition in Sources */,
				66F39A1F2A34E3BD007C235B /* FoodTable.swift in Sources */,
				66F39A1D2A34CDEC007C235B /* HistoryView.swift in Sources */,
				665141332A36343400579DC1 /* CostWidget.swift in Sources */,
				669DD93C2A3457D700C2CEE4 /* TabBarView.swift in Sources */,
				660221F42A3375DD008F38EA /* FoodCostManagerApp.swift in Sources */,
				669452252A387625003AFFD6 /* ChartView.swift in Sources */,
			);
			runOnlyForDeploymentPostprocessing = 0;
		};
		660221FC2A3375DF008F38EA /* Sources */ = {
			isa = PBXSourcesBuildPhase;
			buildActionMask = 2147483647;
			files = (
				66D0E0972A35A08B001F6A08 /* ContentView.swift in Sources */,
				660222052A3375DF008F38EA /* FoodCostManagerTests.swift in Sources */,
			);
			runOnlyForDeploymentPostprocessing = 0;
		};
		660222062A3375DF008F38EA /* Sources */ = {
			isa = PBXSourcesBuildPhase;
			buildActionMask = 2147483647;
			files = (
				6602220F2A3375DF008F38EA /* FoodCostManagerUITests.swift in Sources */,
				660222112A3375DF008F38EA /* FoodCostManagerUITestsLaunchTests.swift in Sources */,
			);
			runOnlyForDeploymentPostprocessing = 0;
		};
		665141122A36242C00579DC1 /* Sources */ = {
			isa = PBXSourcesBuildPhase;
			buildActionMask = 2147483647;
			files = (
				665141212A36242C00579DC1 /* CostWidget.swift in Sources */,
				665141312A362A9900579DC1 /* FoodTable.swift in Sources */,
				665141262A36242E00579DC1 /* CostWidget.intentdefinition in Sources */,
				6651411D2A36242C00579DC1 /* CostWidgetBundle.swift in Sources */,
				6651411F2A36242C00579DC1 /* CostWidgetLiveActivity.swift in Sources */,
			);
			runOnlyForDeploymentPostprocessing = 0;
		};
/* End PBXSourcesBuildPhase section */

/* Begin PBXTargetDependency section */
		660222022A3375DF008F38EA /* PBXTargetDependency */ = {
			isa = PBXTargetDependency;
			target = 660221EF2A3375DD008F38EA /* FoodCostManager */;
			targetProxy = 660222012A3375DF008F38EA /* PBXContainerItemProxy */;
		};
		6602220C2A3375DF008F38EA /* PBXTargetDependency */ = {
			isa = PBXTargetDependency;
			target = 660221EF2A3375DD008F38EA /* FoodCostManager */;
			targetProxy = 6602220B2A3375DF008F38EA /* PBXContainerItemProxy */;
		};
		665141292A36242E00579DC1 /* PBXTargetDependency */ = {
			isa = PBXTargetDependency;
			target = 665141152A36242C00579DC1 /* CostWidgetExtension */;
			targetProxy = 665141282A36242E00579DC1 /* PBXContainerItemProxy */;
		};
/* End PBXTargetDependency section */

/* Begin XCBuildConfiguration section */
		660222122A3375DF008F38EA /* Debug */ = {
			isa = XCBuildConfiguration;
			buildSettings = {
				ALWAYS_SEARCH_USER_PATHS = NO;
				CLANG_ANALYZER_NONNULL = YES;
				CLANG_ANALYZER_NUMBER_OBJECT_CONVERSION = YES_AGGRESSIVE;
				CLANG_CXX_LANGUAGE_STANDARD = "gnu++20";
				CLANG_ENABLE_MODULES = YES;
				CLANG_ENABLE_OBJC_ARC = YES;
				CLANG_ENABLE_OBJC_WEAK = YES;
				CLANG_WARN_BLOCK_CAPTURE_AUTORELEASING = YES;
				CLANG_WARN_BOOL_CONVERSION = YES;
				CLANG_WARN_COMMA = YES;
				CLANG_WARN_CONSTANT_CONVERSION = YES;
				CLANG_WARN_DEPRECATED_OBJC_IMPLEMENTATIONS = YES;
				CLANG_WARN_DIRECT_OBJC_ISA_USAGE = YES_ERROR;
				CLANG_WARN_DOCUMENTATION_COMMENTS = YES;
				CLANG_WARN_EMPTY_BODY = YES;
				CLANG_WARN_ENUM_CONVERSION = YES;
				CLANG_WARN_INFINITE_RECURSION = YES;
				CLANG_WARN_INT_CONVERSION = YES;
				CLANG_WARN_NON_LITERAL_NULL_CONVERSION = YES;
				CLANG_WARN_OBJC_IMPLICIT_RETAIN_SELF = YES;
				CLANG_WARN_OBJC_LITERAL_CONVERSION = YES;
				CLANG_WARN_OBJC_ROOT_CLASS = YES_ERROR;
				CLANG_WARN_QUOTED_INCLUDE_IN_FRAMEWORK_HEADER = YES;
				CLANG_WARN_RANGE_LOOP_ANALYSIS = YES;
				CLANG_WARN_STRICT_PROTOTYPES = YES;
				CLANG_WARN_SUSPICIOUS_MOVE = YES;
				CLANG_WARN_UNGUARDED_AVAILABILITY = YES_AGGRESSIVE;
				CLANG_WARN_UNREACHABLE_CODE = YES;
				CLANG_WARN__DUPLICATE_METHOD_MATCH = YES;
				COPY_PHASE_STRIP = NO;
				DEBUG_INFORMATION_FORMAT = dwarf;
				ENABLE_STRICT_OBJC_MSGSEND = YES;
				ENABLE_TESTABILITY = YES;
				GCC_C_LANGUAGE_STANDARD = gnu11;
				GCC_DYNAMIC_NO_PIC = NO;
				GCC_NO_COMMON_BLOCKS = YES;
				GCC_OPTIMIZATION_LEVEL = 0;
				GCC_PREPROCESSOR_DEFINITIONS = (
					"DEBUG=1",
					"$(inherited)",
				);
				GCC_WARN_64_TO_32_BIT_CONVERSION = YES;
				GCC_WARN_ABOUT_RETURN_TYPE = YES_ERROR;
				GCC_WARN_UNDECLARED_SELECTOR = YES;
				GCC_WARN_UNINITIALIZED_AUTOS = YES_AGGRESSIVE;
				GCC_WARN_UNUSED_FUNCTION = YES;
				GCC_WARN_UNUSED_VARIABLE = YES;
				IPHONEOS_DEPLOYMENT_TARGET = 16.4;
				MTL_ENABLE_DEBUG_INFO = INCLUDE_SOURCE;
				MTL_FAST_MATH = YES;
				ONLY_ACTIVE_ARCH = YES;
				SDKROOT = iphoneos;
				SWIFT_ACTIVE_COMPILATION_CONDITIONS = DEBUG;
				SWIFT_OPTIMIZATION_LEVEL = "-Onone";
			};
			name = Debug;
		};
		660222132A3375DF008F38EA /* Release */ = {
			isa = XCBuildConfiguration;
			buildSettings = {
				ALWAYS_SEARCH_USER_PATHS = NO;
				CLANG_ANALYZER_NONNULL = YES;
				CLANG_ANALYZER_NUMBER_OBJECT_CONVERSION = YES_AGGRESSIVE;
				CLANG_CXX_LANGUAGE_STANDARD = "gnu++20";
				CLANG_ENABLE_MODULES = YES;
				CLANG_ENABLE_OBJC_ARC = YES;
				CLANG_ENABLE_OBJC_WEAK = YES;
				CLANG_WARN_BLOCK_CAPTURE_AUTORELEASING = YES;
				CLANG_WARN_BOOL_CONVERSION = YES;
				CLANG_WARN_COMMA = YES;
				CLANG_WARN_CONSTANT_CONVERSION = YES;
				CLANG_WARN_DEPRECATED_OBJC_IMPLEMENTATIONS = YES;
				CLANG_WARN_DIRECT_OBJC_ISA_USAGE = YES_ERROR;
				CLANG_WARN_DOCUMENTATION_COMMENTS = YES;
				CLANG_WARN_EMPTY_BODY = YES;
				CLANG_WARN_ENUM_CONVERSION = YES;
				CLANG_WARN_INFINITE_RECURSION = YES;
				CLANG_WARN_INT_CONVERSION = YES;
				CLANG_WARN_NON_LITERAL_NULL_CONVERSION = YES;
				CLANG_WARN_OBJC_IMPLICIT_RETAIN_SELF = YES;
				CLANG_WARN_OBJC_LITERAL_CONVERSION = YES;
				CLANG_WARN_OBJC_ROOT_CLASS = YES_ERROR;
				CLANG_WARN_QUOTED_INCLUDE_IN_FRAMEWORK_HEADER = YES;
				CLANG_WARN_RANGE_LOOP_ANALYSIS = YES;
				CLANG_WARN_STRICT_PROTOTYPES = YES;
				CLANG_WARN_SUSPICIOUS_MOVE = YES;
				CLANG_WARN_UNGUARDED_AVAILABILITY = YES_AGGRESSIVE;
				CLANG_WARN_UNREACHABLE_CODE = YES;
				CLANG_WARN__DUPLICATE_METHOD_MATCH = YES;
				COPY_PHASE_STRIP = NO;
				DEBUG_INFORMATION_FORMAT = "dwarf-with-dsym";
				ENABLE_NS_ASSERTIONS = NO;
				ENABLE_STRICT_OBJC_MSGSEND = YES;
				GCC_C_LANGUAGE_STANDARD = gnu11;
				GCC_NO_COMMON_BLOCKS = YES;
				GCC_WARN_64_TO_32_BIT_CONVERSION = YES;
				GCC_WARN_ABOUT_RETURN_TYPE = YES_ERROR;
				GCC_WARN_UNDECLARED_SELECTOR = YES;
				GCC_WARN_UNINITIALIZED_AUTOS = YES_AGGRESSIVE;
				GCC_WARN_UNUSED_FUNCTION = YES;
				GCC_WARN_UNUSED_VARIABLE = YES;
				IPHONEOS_DEPLOYMENT_TARGET = 16.4;
				MTL_ENABLE_DEBUG_INFO = NO;
				MTL_FAST_MATH = YES;
				SDKROOT = iphoneos;
				SWIFT_COMPILATION_MODE = wholemodule;
				SWIFT_OPTIMIZATION_LEVEL = "-O";
				VALIDATE_PRODUCT = YES;
			};
			name = Release;
		};
		660222152A3375DF008F38EA /* Debug */ = {
			isa = XCBuildConfiguration;
			buildSettings = {
				ALWAYS_EMBED_SWIFT_STANDARD_LIBRARIES = YES;
				ASSETCATALOG_COMPILER_APPICON_NAME = AppIcon;
				ASSETCATALOG_COMPILER_GLOBAL_ACCENT_COLOR_NAME = AccentColor;
				CODE_SIGN_ENTITLEMENTS = FoodCostManager/FoodCostManager.entitlements;
				CODE_SIGN_STYLE = Automatic;
				CURRENT_PROJECT_VERSION = 1;
				DEVELOPMENT_ASSET_PATHS = "\"FoodCostManager/Preview Content\"";
				DEVELOPMENT_TEAM = 2YXGL3JZP2;
				ENABLE_PREVIEWS = YES;
				GENERATE_INFOPLIST_FILE = YES;
				INFOPLIST_KEY_UIApplicationSceneManifest_Generation = YES;
				INFOPLIST_KEY_UIApplicationSupportsIndirectInputEvents = YES;
				INFOPLIST_KEY_UILaunchScreen_Generation = YES;
				INFOPLIST_KEY_UISupportedInterfaceOrientations_iPad = "UIInterfaceOrientationPortrait UIInterfaceOrientationPortraitUpsideDown UIInterfaceOrientationLandscapeLeft UIInterfaceOrientationLandscapeRight";
				INFOPLIST_KEY_UISupportedInterfaceOrientations_iPhone = "UIInterfaceOrientationPortrait UIInterfaceOrientationLandscapeLeft UIInterfaceOrientationLandscapeRight";
				IPHONEOS_DEPLOYMENT_TARGET = 15.0;
				LD_RUNPATH_SEARCH_PATHS = (
					"$(inherited)",
					"@executable_path/Frameworks",
				);
				MARKETING_VERSION = 1.0;
				PRODUCT_BUNDLE_IDENTIFIER = com.almikan.FoodCostManager;
				PRODUCT_NAME = "$(TARGET_NAME)";
				SWIFT_EMIT_LOC_STRINGS = YES;
				SWIFT_VERSION = 5.0;
				TARGETED_DEVICE_FAMILY = "1,2";
			};
			name = Debug;
		};
		660222162A3375DF008F38EA /* Release */ = {
			isa = XCBuildConfiguration;
			buildSettings = {
				ALWAYS_EMBED_SWIFT_STANDARD_LIBRARIES = YES;
				ASSETCATALOG_COMPILER_APPICON_NAME = AppIcon;
				ASSETCATALOG_COMPILER_GLOBAL_ACCENT_COLOR_NAME = AccentColor;
				CODE_SIGN_ENTITLEMENTS = FoodCostManager/FoodCostManager.entitlements;
				CODE_SIGN_STYLE = Automatic;
				CURRENT_PROJECT_VERSION = 1;
				DEVELOPMENT_ASSET_PATHS = "\"FoodCostManager/Preview Content\"";
				DEVELOPMENT_TEAM = 2YXGL3JZP2;
				ENABLE_PREVIEWS = YES;
				GENERATE_INFOPLIST_FILE = YES;
				INFOPLIST_KEY_UIApplicationSceneManifest_Generation = YES;
				INFOPLIST_KEY_UIApplicationSupportsIndirectInputEvents = YES;
				INFOPLIST_KEY_UILaunchScreen_Generation = YES;
				INFOPLIST_KEY_UISupportedInterfaceOrientations_iPad = "UIInterfaceOrientationPortrait UIInterfaceOrientationPortraitUpsideDown UIInterfaceOrientationLandscapeLeft UIInterfaceOrientationLandscapeRight";
				INFOPLIST_KEY_UISupportedInterfaceOrientations_iPhone = "UIInterfaceOrientationPortrait UIInterfaceOrientationLandscapeLeft UIInterfaceOrientationLandscapeRight";
				IPHONEOS_DEPLOYMENT_TARGET = 15.0;
				LD_RUNPATH_SEARCH_PATHS = (
					"$(inherited)",
					"@executable_path/Frameworks",
				);
				MARKETING_VERSION = 1.0;
				PRODUCT_BUNDLE_IDENTIFIER = com.almikan.FoodCostManager;
				PRODUCT_NAME = "$(TARGET_NAME)";
				SWIFT_EMIT_LOC_STRINGS = YES;
				SWIFT_VERSION = 5.0;
				TARGETED_DEVICE_FAMILY = "1,2";
			};
			name = Release;
		};
		660222182A3375DF008F38EA /* Debug */ = {
			isa = XCBuildConfiguration;
			buildSettings = {
				ALWAYS_EMBED_SWIFT_STANDARD_LIBRARIES = YES;
				BUNDLE_LOADER = "$(TEST_HOST)";
				CODE_SIGN_STYLE = Automatic;
				CURRENT_PROJECT_VERSION = 1;
				DEVELOPMENT_TEAM = "";
				GENERATE_INFOPLIST_FILE = YES;
				IPHONEOS_DEPLOYMENT_TARGET = 16.4;
				MARKETING_VERSION = 1.0;
				PRODUCT_BUNDLE_IDENTIFIER = com.almikan.FoodCostManagerTests;
				PRODUCT_NAME = "$(TARGET_NAME)";
				SWIFT_EMIT_LOC_STRINGS = NO;
				SWIFT_VERSION = 5.0;
				TARGETED_DEVICE_FAMILY = "1,2";
				TEST_HOST = "$(BUILT_PRODUCTS_DIR)/FoodCostManager.app/$(BUNDLE_EXECUTABLE_FOLDER_PATH)/FoodCostManager";
			};
			name = Debug;
		};
		660222192A3375DF008F38EA /* Release */ = {
			isa = XCBuildConfiguration;
			buildSettings = {
				ALWAYS_EMBED_SWIFT_STANDARD_LIBRARIES = YES;
				BUNDLE_LOADER = "$(TEST_HOST)";
				CODE_SIGN_STYLE = Automatic;
				CURRENT_PROJECT_VERSION = 1;
				DEVELOPMENT_TEAM = "";
				GENERATE_INFOPLIST_FILE = YES;
				IPHONEOS_DEPLOYMENT_TARGET = 16.4;
				MARKETING_VERSION = 1.0;
				PRODUCT_BUNDLE_IDENTIFIER = com.almikan.FoodCostManagerTests;
				PRODUCT_NAME = "$(TARGET_NAME)";
				SWIFT_EMIT_LOC_STRINGS = NO;
				SWIFT_VERSION = 5.0;
				TARGETED_DEVICE_FAMILY = "1,2";
				TEST_HOST = "$(BUILT_PRODUCTS_DIR)/FoodCostManager.app/$(BUNDLE_EXECUTABLE_FOLDER_PATH)/FoodCostManager";
			};
			name = Release;
		};
		6602221B2A3375DF008F38EA /* Debug */ = {
			isa = XCBuildConfiguration;
			buildSettings = {
				ALWAYS_EMBED_SWIFT_STANDARD_LIBRARIES = YES;
				CODE_SIGN_STYLE = Automatic;
				CURRENT_PROJECT_VERSION = 1;
				DEVELOPMENT_TEAM = "";
				GENERATE_INFOPLIST_FILE = YES;
				MARKETING_VERSION = 1.0;
				PRODUCT_BUNDLE_IDENTIFIER = com.almikan.FoodCostManagerUITests;
				PRODUCT_NAME = "$(TARGET_NAME)";
				SWIFT_EMIT_LOC_STRINGS = NO;
				SWIFT_VERSION = 5.0;
				TARGETED_DEVICE_FAMILY = "1,2";
				TEST_TARGET_NAME = FoodCostManager;
			};
			name = Debug;
		};
		6602221C2A3375DF008F38EA /* Release */ = {
			isa = XCBuildConfiguration;
			buildSettings = {
				ALWAYS_EMBED_SWIFT_STANDARD_LIBRARIES = YES;
				CODE_SIGN_STYLE = Automatic;
				CURRENT_PROJECT_VERSION = 1;
				DEVELOPMENT_TEAM = "";
				GENERATE_INFOPLIST_FILE = YES;
				MARKETING_VERSION = 1.0;
				PRODUCT_BUNDLE_IDENTIFIER = com.almikan.FoodCostManagerUITests;
				PRODUCT_NAME = "$(TARGET_NAME)";
				SWIFT_EMIT_LOC_STRINGS = NO;
				SWIFT_VERSION = 5.0;
				TARGETED_DEVICE_FAMILY = "1,2";
				TEST_TARGET_NAME = FoodCostManager;
			};
			name = Release;
		};
		6651412C2A36242E00579DC1 /* Debug */ = {
			isa = XCBuildConfiguration;
			buildSettings = {
				ASSETCATALOG_COMPILER_GLOBAL_ACCENT_COLOR_NAME = AccentColor;
				ASSETCATALOG_COMPILER_WIDGET_BACKGROUND_COLOR_NAME = WidgetBackground;
				CODE_SIGN_ENTITLEMENTS = CostWidgetExtension.entitlements;
				CODE_SIGN_STYLE = Automatic;
				CURRENT_PROJECT_VERSION = 1;
				DEVELOPMENT_TEAM = 2YXGL3JZP2;
				GENERATE_INFOPLIST_FILE = YES;
				INFOPLIST_FILE = CostWidget/Info.plist;
				INFOPLIST_KEY_CFBundleDisplayName = CostWidget;
				INFOPLIST_KEY_NSHumanReadableCopyright = "";
				LD_RUNPATH_SEARCH_PATHS = (
					"$(inherited)",
					"@executable_path/Frameworks",
					"@executable_path/../../Frameworks",
				);
				MARKETING_VERSION = 1.0;
				PRODUCT_BUNDLE_IDENTIFIER = com.almikan.FoodCostManager.CostWidget;
				PRODUCT_NAME = "$(TARGET_NAME)";
				SKIP_INSTALL = YES;
				SWIFT_EMIT_LOC_STRINGS = YES;
				SWIFT_VERSION = 5.0;
				TARGETED_DEVICE_FAMILY = "1,2";
			};
			name = Debug;
		};
		6651412D2A36242E00579DC1 /* Release */ = {
			isa = XCBuildConfiguration;
			buildSettings = {
				ASSETCATALOG_COMPILER_GLOBAL_ACCENT_COLOR_NAME = AccentColor;
				ASSETCATALOG_COMPILER_WIDGET_BACKGROUND_COLOR_NAME = WidgetBackground;
				CODE_SIGN_ENTITLEMENTS = CostWidgetExtension.entitlements;
				CODE_SIGN_STYLE = Automatic;
				CURRENT_PROJECT_VERSION = 1;
				DEVELOPMENT_TEAM = 2YXGL3JZP2;
				GENERATE_INFOPLIST_FILE = YES;
				INFOPLIST_FILE = CostWidget/Info.plist;
				INFOPLIST_KEY_CFBundleDisplayName = CostWidget;
				INFOPLIST_KEY_NSHumanReadableCopyright = "";
				LD_RUNPATH_SEARCH_PATHS = (
					"$(inherited)",
					"@executable_path/Frameworks",
					"@executable_path/../../Frameworks",
				);
				MARKETING_VERSION = 1.0;
				PRODUCT_BUNDLE_IDENTIFIER = com.almikan.FoodCostManager.CostWidget;
				PRODUCT_NAME = "$(TARGET_NAME)";
				SKIP_INSTALL = YES;
				SWIFT_EMIT_LOC_STRINGS = YES;
				SWIFT_VERSION = 5.0;
				TARGETED_DEVICE_FAMILY = "1,2";
			};
			name = Release;
		};
/* End XCBuildConfiguration section */

/* Begin XCConfigurationList section */
		660221EB2A3375DD008F38EA /* Build configuration list for PBXProject "FoodCostManager" */ = {
			isa = XCConfigurationList;
			buildConfigurations = (
				660222122A3375DF008F38EA /* Debug */,
				660222132A3375DF008F38EA /* Release */,
			);
			defaultConfigurationIsVisible = 0;
			defaultConfigurationName = Release;
		};
		660222142A3375DF008F38EA /* Build configuration list for PBXNativeTarget "FoodCostManager" */ = {
			isa = XCConfigurationList;
			buildConfigurations = (
				660222152A3375DF008F38EA /* Debug */,
				660222162A3375DF008F38EA /* Release */,
			);
			defaultConfigurationIsVisible = 0;
			defaultConfigurationName = Release;
		};
		660222172A3375DF008F38EA /* Build configuration list for PBXNativeTarget "FoodCostManagerTests" */ = {
			isa = XCConfigurationList;
			buildConfigurations = (
				660222182A3375DF008F38EA /* Debug */,
				660222192A3375DF008F38EA /* Release */,
			);
			defaultConfigurationIsVisible = 0;
			defaultConfigurationName = Release;
		};
		6602221A2A3375DF008F38EA /* Build configuration list for PBXNativeTarget "FoodCostManagerUITests" */ = {
			isa = XCConfigurationList;
			buildConfigurations = (
				6602221B2A3375DF008F38EA /* Debug */,
				6602221C2A3375DF008F38EA /* Release */,
			);
			defaultConfigurationIsVisible = 0;
			defaultConfigurationName = Release;
		};
		6651412B2A36242E00579DC1 /* Build configuration list for PBXNativeTarget "CostWidgetExtension" */ = {
			isa = XCConfigurationList;
			buildConfigurations = (
				6651412C2A36242E00579DC1 /* Debug */,
				6651412D2A36242E00579DC1 /* Release */,
			);
			defaultConfigurationIsVisible = 0;
			defaultConfigurationName = Release;
		};
/* End XCConfigurationList section */

/* Begin XCRemoteSwiftPackageReference section */
		669DD9382A344C6700C2CEE4 /* XCRemoteSwiftPackageReference "neumorphic" */ = {
			isa = XCRemoteSwiftPackageReference;
			repositoryURL = "https://github.com/costachung/neumorphic/";
			requirement = {
				branch = master;
				kind = branch;
			};
		};
		66DAE2C02C19E6E100C1712E /* XCRemoteSwiftPackageReference "realm-swift" */ = {
			isa = XCRemoteSwiftPackageReference;
			repositoryURL = "https://github.com/realm/realm-swift.git";
			requirement = {
				kind = upToNextMajorVersion;
				minimumVersion = 10.49.0;
			};
		};
/* End XCRemoteSwiftPackageReference section */

/* Begin XCSwiftPackageProductDependency section */
		6629B8F02C19EA9100E7593F /* RealmSwift */ = {
			isa = XCSwiftPackageProductDependency;
			package = 66DAE2C02C19E6E100C1712E /* XCRemoteSwiftPackageReference "realm-swift" */;
			productName = RealmSwift;
		};
		6629B8F82C19F7E600E7593F /* RealmSwift */ = {
			isa = XCSwiftPackageProductDependency;
			package = 66DAE2C02C19E6E100C1712E /* XCRemoteSwiftPackageReference "realm-swift" */;
			productName = RealmSwift;
		};
		6629B8FC2C19F7ED00E7593F /* RealmSwift */ = {
			isa = XCSwiftPackageProductDependency;
			package = 66DAE2C02C19E6E100C1712E /* XCRemoteSwiftPackageReference "realm-swift" */;
			productName = RealmSwift;
		};
		66DAE2C52C19E8EB00C1712E /* Neumorphic */ = {
			isa = XCSwiftPackageProductDependency;
			package = 669DD9382A344C6700C2CEE4 /* XCRemoteSwiftPackageReference "neumorphic" */;
			productName = Neumorphic;
		};
		66DAE2C92C19E91000C1712E /* RealmSwift */ = {
			isa = XCSwiftPackageProductDependency;
			package = 66DAE2C02C19E6E100C1712E /* XCRemoteSwiftPackageReference "realm-swift" */;
			productName = RealmSwift;
		};
/* End XCSwiftPackageProductDependency section */
	};
	rootObject = 660221E82A3375DD008F38EA /* Project object */;
}
